
Microsoft Visual Studio Solution File, Format Version 12.00
# Visual Studio Version 16
VisualStudioVersion = 16.0.29613.14
MinimumVisualStudioVersion = 10.0.40219.1
Project("{9A19103F-16F7-4668-BE54-9A1E7A4F7556}") = "DI_Service_Lifetimes", "DI_Service_Lifetimes\DI_Service_Lifetimes.csproj", "{9E30E64E-7985-41FD-9A3F-38145C61AC99}"
EndProject
Project("{FAE04EC0-301F-11D3-BF4B-00C04F79EFBC}") = "DI_Autofac_Net462", "DI_Autofac_Net462\DI_Autofac_Net462.csproj", "{E545557A-690A-4DE5-BF58-FC688FB99C86}"
EndProject
Project("{FAE04EC0-301F-11D3-BF4B-00C04F79EFBC}") = "Payments_MVC_472", "Payments_MVC_472\Payments_MVC_472.csproj", "{5E53E305-4409-46B1-B526-F8265C0B4428}"
EndProject
Project("{FAE04EC0-301F-11D3-BF4B-00C04F79EFBC}") = "IO_SubDirectories", "IO_SubDirectories\IO_SubDirectories.csproj", "{88E40183-02EB-4B84-9E9D-D0C40DBC8C3B}"
EndProject
Project("{FAE04EC0-301F-11D3-BF4B-00C04F79EFBC}") = "SQL_EF_Autofac_Net462", "SQL_EF_Autofac_Net462\SQL_EF_Autofac_Net462.csproj", "{864A7358-5743-4DDF-8930-296C5D8DB6C0}"
EndProject
Project("{FAE04EC0-301F-11D3-BF4B-00C04F79EFBC}") = "Payments_Net462", "Payments_Net462\Payments_Net462.csproj", "{6E4D1069-949D-4910-B088-A06E4276933E}"
EndProject
Project("{2150E333-8FDC-42A3-9474-1A3956D46DE8}") = "Solution Items", "Solution Items", "{F12C7229-D12B-4739-8207-32BF3687AC81}"
	ProjectSection(SolutionItems) = preProject
		SQL\CATEGORIES.sql = SQL\CATEGORIES.sql
	EndProjectSection
EndProject
Project("{FAE04EC0-301F-11D3-BF4B-00C04F79EFBC}") = "XSLTransformations", "XSLTransformations\XSLTransformations.csproj", "{D96ABCD7-651E-4B0B-9A38-AFBB3B34994D}"
EndProject
Project("{FAE04EC0-301F-11D3-BF4B-00C04F79EFBC}") = "LINQ_46", "LINQ_46\LINQ_46.csproj", "{C350F7F1-C968-41AA-A8A9-9BD0AACBA8ED}"
EndProject
Project("{FAE04EC0-301F-11D3-BF4B-00C04F79EFBC}") = "OOP_Deriving", "OOP_Deriving\OOP_Deriving.csproj", "{28CFB1E8-520B-4CAB-B6B0-51C5353A9BE2}"
EndProject
Project("{FAE04EC0-301F-11D3-BF4B-00C04F79EFBC}") = "Log4net_use", "Log4net_use\Log4net_use.csproj", "{CE4D2655-1165-4854-BEF6-FDC16041C772}"
EndProject
Project("{FAE04EC0-301F-11D3-BF4B-00C04F79EFBC}") = "EF_MultipleDbContext", "EF_MultipleDbContext\EF_MultipleDbContext.csproj", "{1227678E-4BEF-4D82-8D14-40198D257612}"
EndProject
Project("{FAE04EC0-301F-11D3-BF4B-00C04F79EFBC}") = "EF_UnitOfWork", "EF_UnitOfWork\EF_UnitOfWork.csproj", "{FABBD278-50B4-46E2-940B-5855F2722EC5}"
EndProject
Project("{FAE04EC0-301F-11D3-BF4B-00C04F79EFBC}") = "EF_Repository_UnitOfWork", "EF_Repository_UnitOfWork\EF_Repository_UnitOfWork.csproj", "{82FC7EFE-8682-4FF8-B71B-8ED60FDA93D8}"
EndProject
Project("{FAE04EC0-301F-11D3-BF4B-00C04F79EFBC}") = "EF_UnitOfWork_Repository", "EF_UnitOfWork_Repository\EF_UnitOfWork_Repository.csproj", "{56901DBE-FF87-4512-B09B-FBA6659F687D}"
EndProject
Project("{FAE04EC0-301F-11D3-BF4B-00C04F79EFBC}") = "EF_UnitOfWork_Repository_2", "EF_UnitOfWork_Repository_2\EF_UnitOfWork_Repository_2.csproj", "{230FB578-34FD-41E1-816C-3148BAF2AFF5}"
EndProject
Project("{FAE04EC0-301F-11D3-BF4B-00C04F79EFBC}") = "AngularJS_ASPNet_MVC_4", "AngularJS_ASPNet_MVC_4\AngularJS_ASPNet_MVC_4.csproj", "{C04BC438-70F4-4829-A05B-4C935CC4C45C}"
EndProject
Project("{FAE04EC0-301F-11D3-BF4B-00C04F79EFBC}") = "AngularJS_AspNet_Bootstrap", "AngularJS_AspNet_Bootstrap\AngularJS_AspNet_Bootstrap.csproj", "{149C3486-4FAD-4E9C-B5A1-224EB858B387}"
EndProject
Project("{FAE04EC0-301F-11D3-BF4B-00C04F79EFBC}") = "FTP_Downloader", "FTP_Downloader\FTP_Downloader.csproj", "{FB6B4AE4-C67E-4B7E-9BCA-BB5AE7FAAE7B}"
EndProject
Project("{9A19103F-16F7-4668-BE54-9A1E7A4F7556}") = "Gm_API_test", "Gm_API_test\Gm_API_test.csproj", "{4B77D021-80B1-4C46-9444-75F4A08F9A43}"
EndProject
Project("{9A19103F-16F7-4668-BE54-9A1E7A4F7556}") = "MB_API", "MB_API\MB_API.csproj", "{645A162E-9115-47E8-9458-0257A0F4342A}"
EndProject
Project("{FAE04EC0-301F-11D3-BF4B-00C04F79EFBC}") = "AngularJS_ASPnet48_XML", "AngularJS_ASPnet48_XML\AngularJS_ASPnet48_XML.csproj", "{1BA1443B-5082-4D92-8DEB-AB9CA637CDB1}"
EndProject
Project("{9A19103F-16F7-4668-BE54-9A1E7A4F7556}") = "Dapper_use", "Dapper_use\Dapper_use.csproj", "{A54502C8-9199-492E-9033-44F5ED856C6F}"
EndProject
Project("{9A19103F-16F7-4668-BE54-9A1E7A4F7556}") = "AsyncAwait_use", "AsyncAwait_use\AsyncAwait_use.csproj", "{F05BE9FA-F513-4B51-9861-3870B28312BD}"
EndProject
Project("{9A19103F-16F7-4668-BE54-9A1E7A4F7556}") = "Test_DoToKin", "Test_DoToKin\Test_DoToKin.csproj", "{887D3F8C-7164-446C-AC95-CACA89B9A5B5}"
EndProject
Project("{FAE04EC0-301F-11D3-BF4B-00C04F79EFBC}") = "Swagger_FluentValidation", "Swagger_FluentValidation\Swagger_FluentValidation.csproj", "{2FCA01D0-F750-45F7-B4C0-8E96131AEEB0}"
EndProject
Global
	GlobalSection(SolutionConfigurationPlatforms) = preSolution
		Debug|Any CPU = Debug|Any CPU
		Release|Any CPU = Release|Any CPU
	EndGlobalSection
	GlobalSection(ProjectConfigurationPlatforms) = postSolution
		{9E30E64E-7985-41FD-9A3F-38145C61AC99}.Debug|Any CPU.ActiveCfg = Debug|Any CPU
		{9E30E64E-7985-41FD-9A3F-38145C61AC99}.Debug|Any CPU.Build.0 = Debug|Any CPU
		{9E30E64E-7985-41FD-9A3F-38145C61AC99}.Release|Any CPU.ActiveCfg = Release|Any CPU
		{9E30E64E-7985-41FD-9A3F-38145C61AC99}.Release|Any CPU.Build.0 = Release|Any CPU
		{E545557A-690A-4DE5-BF58-FC688FB99C86}.Debug|Any CPU.ActiveCfg = Debug|Any CPU
		{E545557A-690A-4DE5-BF58-FC688FB99C86}.Debug|Any CPU.Build.0 = Debug|Any CPU
		{E545557A-690A-4DE5-BF58-FC688FB99C86}.Release|Any CPU.ActiveCfg = Release|Any CPU
		{E545557A-690A-4DE5-BF58-FC688FB99C86}.Release|Any CPU.Build.0 = Release|Any CPU
		{5E53E305-4409-46B1-B526-F8265C0B4428}.Debug|Any CPU.ActiveCfg = Debug|Any CPU
		{5E53E305-4409-46B1-B526-F8265C0B4428}.Debug|Any CPU.Build.0 = Debug|Any CPU
		{5E53E305-4409-46B1-B526-F8265C0B4428}.Release|Any CPU.ActiveCfg = Release|Any CPU
		{5E53E305-4409-46B1-B526-F8265C0B4428}.Release|Any CPU.Build.0 = Release|Any CPU
		{88E40183-02EB-4B84-9E9D-D0C40DBC8C3B}.Debug|Any CPU.ActiveCfg = Debug|Any CPU
		{88E40183-02EB-4B84-9E9D-D0C40DBC8C3B}.Debug|Any CPU.Build.0 = Debug|Any CPU
		{88E40183-02EB-4B84-9E9D-D0C40DBC8C3B}.Release|Any CPU.ActiveCfg = Release|Any CPU
		{88E40183-02EB-4B84-9E9D-D0C40DBC8C3B}.Release|Any CPU.Build.0 = Release|Any CPU
		{864A7358-5743-4DDF-8930-296C5D8DB6C0}.Debug|Any CPU.ActiveCfg = Debug|Any CPU
		{864A7358-5743-4DDF-8930-296C5D8DB6C0}.Debug|Any CPU.Build.0 = Debug|Any CPU
		{864A7358-5743-4DDF-8930-296C5D8DB6C0}.Release|Any CPU.ActiveCfg = Release|Any CPU
		{864A7358-5743-4DDF-8930-296C5D8DB6C0}.Release|Any CPU.Build.0 = Release|Any CPU
		{6E4D1069-949D-4910-B088-A06E4276933E}.Debug|Any CPU.ActiveCfg = Debug|Any CPU
		{6E4D1069-949D-4910-B088-A06E4276933E}.Debug|Any CPU.Build.0 = Debug|Any CPU
		{6E4D1069-949D-4910-B088-A06E4276933E}.Release|Any CPU.ActiveCfg = Release|Any CPU
		{6E4D1069-949D-4910-B088-A06E4276933E}.Release|Any CPU.Build.0 = Release|Any CPU
		{D96ABCD7-651E-4B0B-9A38-AFBB3B34994D}.Debug|Any CPU.ActiveCfg = Debug|Any CPU
		{D96ABCD7-651E-4B0B-9A38-AFBB3B34994D}.Debug|Any CPU.Build.0 = Debug|Any CPU
		{D96ABCD7-651E-4B0B-9A38-AFBB3B34994D}.Release|Any CPU.ActiveCfg = Release|Any CPU
		{D96ABCD7-651E-4B0B-9A38-AFBB3B34994D}.Release|Any CPU.Build.0 = Release|Any CPU
		{C350F7F1-C968-41AA-A8A9-9BD0AACBA8ED}.Debug|Any CPU.ActiveCfg = Debug|Any CPU
		{C350F7F1-C968-41AA-A8A9-9BD0AACBA8ED}.Debug|Any CPU.Build.0 = Debug|Any CPU
		{C350F7F1-C968-41AA-A8A9-9BD0AACBA8ED}.Release|Any CPU.ActiveCfg = Release|Any CPU
		{C350F7F1-C968-41AA-A8A9-9BD0AACBA8ED}.Release|Any CPU.Build.0 = Release|Any CPU
		{28CFB1E8-520B-4CAB-B6B0-51C5353A9BE2}.Debug|Any CPU.ActiveCfg = Debug|Any CPU
		{28CFB1E8-520B-4CAB-B6B0-51C5353A9BE2}.Debug|Any CPU.Build.0 = Debug|Any CPU
		{28CFB1E8-520B-4CAB-B6B0-51C5353A9BE2}.Release|Any CPU.ActiveCfg = Release|Any CPU
		{28CFB1E8-520B-4CAB-B6B0-51C5353A9BE2}.Release|Any CPU.Build.0 = Release|Any CPU
		{CE4D2655-1165-4854-BEF6-FDC16041C772}.Debug|Any CPU.ActiveCfg = Debug|Any CPU
		{CE4D2655-1165-4854-BEF6-FDC16041C772}.Debug|Any CPU.Build.0 = Debug|Any CPU
		{CE4D2655-1165-4854-BEF6-FDC16041C772}.Release|Any CPU.ActiveCfg = Release|Any CPU
		{CE4D2655-1165-4854-BEF6-FDC16041C772}.Release|Any CPU.Build.0 = Release|Any CPU
		{1227678E-4BEF-4D82-8D14-40198D257612}.Debug|Any CPU.ActiveCfg = Debug|Any CPU
		{1227678E-4BEF-4D82-8D14-40198D257612}.Debug|Any CPU.Build.0 = Debug|Any CPU
		{1227678E-4BEF-4D82-8D14-40198D257612}.Release|Any CPU.ActiveCfg = Release|Any CPU
		{1227678E-4BEF-4D82-8D14-40198D257612}.Release|Any CPU.Build.0 = Release|Any CPU
		{FABBD278-50B4-46E2-940B-5855F2722EC5}.Debug|Any CPU.ActiveCfg = Debug|Any CPU
		{FABBD278-50B4-46E2-940B-5855F2722EC5}.Debug|Any CPU.Build.0 = Debug|Any CPU
		{FABBD278-50B4-46E2-940B-5855F2722EC5}.Release|Any CPU.ActiveCfg = Release|Any CPU
		{FABBD278-50B4-46E2-940B-5855F2722EC5}.Release|Any CPU.Build.0 = Release|Any CPU
		{82FC7EFE-8682-4FF8-B71B-8ED60FDA93D8}.Debug|Any CPU.ActiveCfg = Debug|Any CPU
		{82FC7EFE-8682-4FF8-B71B-8ED60FDA93D8}.Debug|Any CPU.Build.0 = Debug|Any CPU
		{82FC7EFE-8682-4FF8-B71B-8ED60FDA93D8}.Release|Any CPU.ActiveCfg = Release|Any CPU
		{82FC7EFE-8682-4FF8-B71B-8ED60FDA93D8}.Release|Any CPU.Build.0 = Release|Any CPU
		{56901DBE-FF87-4512-B09B-FBA6659F687D}.Debug|Any CPU.ActiveCfg = Debug|Any CPU
		{56901DBE-FF87-4512-B09B-FBA6659F687D}.Debug|Any CPU.Build.0 = Debug|Any CPU
		{56901DBE-FF87-4512-B09B-FBA6659F687D}.Release|Any CPU.ActiveCfg = Release|Any CPU
		{56901DBE-FF87-4512-B09B-FBA6659F687D}.Release|Any CPU.Build.0 = Release|Any CPU
		{230FB578-34FD-41E1-816C-3148BAF2AFF5}.Debug|Any CPU.ActiveCfg = Debug|Any CPU
		{230FB578-34FD-41E1-816C-3148BAF2AFF5}.Debug|Any CPU.Build.0 = Debug|Any CPU
		{230FB578-34FD-41E1-816C-3148BAF2AFF5}.Release|Any CPU.ActiveCfg = Release|Any CPU
		{230FB578-34FD-41E1-816C-3148BAF2AFF5}.Release|Any CPU.Build.0 = Release|Any CPU
		{C04BC438-70F4-4829-A05B-4C935CC4C45C}.Debug|Any CPU.ActiveCfg = Debug|Any CPU
		{C04BC438-70F4-4829-A05B-4C935CC4C45C}.Debug|Any CPU.Build.0 = Debug|Any CPU
		{C04BC438-70F4-4829-A05B-4C935CC4C45C}.Release|Any CPU.ActiveCfg = Release|Any CPU
		{C04BC438-70F4-4829-A05B-4C935CC4C45C}.Release|Any CPU.Build.0 = Release|Any CPU
		{149C3486-4FAD-4E9C-B5A1-224EB858B387}.Debug|Any CPU.ActiveCfg = Debug|Any CPU
		{149C3486-4FAD-4E9C-B5A1-224EB858B387}.Debug|Any CPU.Build.0 = Debug|Any CPU
		{149C3486-4FAD-4E9C-B5A1-224EB858B387}.Release|Any CPU.ActiveCfg = Release|Any CPU
		{149C3486-4FAD-4E9C-B5A1-224EB858B387}.Release|Any CPU.Build.0 = Release|Any CPU
		{FB6B4AE4-C67E-4B7E-9BCA-BB5AE7FAAE7B}.Debug|Any CPU.ActiveCfg = Debug|Any CPU
		{FB6B4AE4-C67E-4B7E-9BCA-BB5AE7FAAE7B}.Debug|Any CPU.Build.0 = Debug|Any CPU
		{FB6B4AE4-C67E-4B7E-9BCA-BB5AE7FAAE7B}.Release|Any CPU.ActiveCfg = Release|Any CPU
		{FB6B4AE4-C67E-4B7E-9BCA-BB5AE7FAAE7B}.Release|Any CPU.Build.0 = Release|Any CPU
		{4B77D021-80B1-4C46-9444-75F4A08F9A43}.Debug|Any CPU.ActiveCfg = Debug|Any CPU
		{4B77D021-80B1-4C46-9444-75F4A08F9A43}.Debug|Any CPU.Build.0 = Debug|Any CPU
		{4B77D021-80B1-4C46-9444-75F4A08F9A43}.Release|Any CPU.ActiveCfg = Release|Any CPU
		{4B77D021-80B1-4C46-9444-75F4A08F9A43}.Release|Any CPU.Build.0 = Release|Any CPU
		{645A162E-9115-47E8-9458-0257A0F4342A}.Debug|Any CPU.ActiveCfg = Debug|Any CPU
		{645A162E-9115-47E8-9458-0257A0F4342A}.Debug|Any CPU.Build.0 = Debug|Any CPU
		{645A162E-9115-47E8-9458-0257A0F4342A}.Release|Any CPU.ActiveCfg = Release|Any CPU
		{645A162E-9115-47E8-9458-0257A0F4342A}.Release|Any CPU.Build.0 = Release|Any CPU
		{1BA1443B-5082-4D92-8DEB-AB9CA637CDB1}.Debug|Any CPU.ActiveCfg = Debug|Any CPU
		{1BA1443B-5082-4D92-8DEB-AB9CA637CDB1}.Debug|Any CPU.Build.0 = Debug|Any CPU
		{1BA1443B-5082-4D92-8DEB-AB9CA637CDB1}.Release|Any CPU.ActiveCfg = Release|Any CPU
		{1BA1443B-5082-4D92-8DEB-AB9CA637CDB1}.Release|Any CPU.Build.0 = Release|Any CPU
		{A54502C8-9199-492E-9033-44F5ED856C6F}.Debug|Any CPU.ActiveCfg = Debug|Any CPU
		{A54502C8-9199-492E-9033-44F5ED856C6F}.Debug|Any CPU.Build.0 = Debug|Any CPU
		{A54502C8-9199-492E-9033-44F5ED856C6F}.Release|Any CPU.ActiveCfg = Release|Any CPU
		{A54502C8-9199-492E-9033-44F5ED856C6F}.Release|Any CPU.Build.0 = Release|Any CPU
		{F05BE9FA-F513-4B51-9861-3870B28312BD}.Debug|Any CPU.ActiveCfg = Debug|Any CPU
		{F05BE9FA-F513-4B51-9861-3870B28312BD}.Debug|Any CPU.Build.0 = Debug|Any CPU
		{F05BE9FA-F513-4B51-9861-3870B28312BD}.Release|Any CPU.ActiveCfg = Release|Any CPU
		{F05BE9FA-F513-4B51-9861-3870B28312BD}.Release|Any CPU.Build.0 = Release|Any CPU
		{887D3F8C-7164-446C-AC95-CACA89B9A5B5}.Debug|Any CPU.ActiveCfg = Debug|Any CPU
		{887D3F8C-7164-446C-AC95-CACA89B9A5B5}.Debug|Any CPU.Build.0 = Debug|Any CPU
		{887D3F8C-7164-446C-AC95-CACA89B9A5B5}.Release|Any CPU.ActiveCfg = Release|Any CPU
		{887D3F8C-7164-446C-AC95-CACA89B9A5B5}.Release|Any CPU.Build.0 = Release|Any CPU
		{2FCA01D0-F750-45F7-B4C0-8E96131AEEB0}.Debug|Any CPU.ActiveCfg = Debug|Any CPU
		{2FCA01D0-F750-45F7-B4C0-8E96131AEEB0}.Debug|Any CPU.Build.0 = Debug|Any CPU
		{2FCA01D0-F750-45F7-B4C0-8E96131AEEB0}.Release|Any CPU.ActiveCfg = Release|Any CPU
		{2FCA01D0-F750-45F7-B4C0-8E96131AEEB0}.Release|Any CPU.Build.0 = Release|Any CPU
	EndGlobalSection
	GlobalSection(SolutionProperties) = preSolution
		HideSolutionNode = FALSE
	EndGlobalSection
	GlobalSection(ExtensibilityGlobals) = postSolution
		SolutionGuid = {5CAA6F0B-F0C9-429B-BCC8-119499A2F60E}
	EndGlobalSection
EndGlobal
