
Microsoft Visual Studio Solution File, Format Version 12.00
# Visual Studio Version 16
VisualStudioVersion = 16.0.29613.14
MinimumVisualStudioVersion = 10.0.40219.1
Project("{9A19103F-16F7-4668-BE54-9A1E7A4F7556}") = "DI_Service_Lifetimes", "DI_Service_Lifetimes\DI_Service_Lifetimes.csproj", "{9E30E64E-7985-41FD-9A3F-38145C61AC99}"
EndProject
Project("{FAE04EC0-301F-11D3-BF4B-00C04F79EFBC}") = "DI_Autofac_Net462", "DI_Autofac_Net462\DI_Autofac_Net462.csproj", "{E545557A-690A-4DE5-BF58-FC688FB99C86}"
EndProject
Project("{FAE04EC0-301F-11D3-BF4B-00C04F79EFBC}") = "Payments_MVC_472", "Payments_MVC_472\Payments_MVC_472.csproj", "{5E53E305-4409-46B1-B526-F8265C0B4428}"
EndProject
Project("{FAE04EC0-301F-11D3-BF4B-00C04F79EFBC}") = "IO_SubDirectories", "IO_SubDirectories\IO_SubDirectories.csproj", "{88E40183-02EB-4B84-9E9D-D0C40DBC8C3B}"
EndProject
Project("{FAE04EC0-301F-11D3-BF4B-00C04F79EFBC}") = "AngularJS_MVC_Net462", "AngularJS_MVC_Net462\AngularJS_MVC_Net462.csproj", "{D3861912-CDDE-4A25-B6EE-6134D3D7D611}"
EndProject
Project("{FAE04EC0-301F-11D3-BF4B-00C04F79EFBC}") = "SQL_EF_Autofac_Net462", "SQL_EF_Autofac_Net462\SQL_EF_Autofac_Net462.csproj", "{864A7358-5743-4DDF-8930-296C5D8DB6C0}"
EndProject
Project("{FAE04EC0-301F-11D3-BF4B-00C04F79EFBC}") = "Payments_Net462", "Payments_Net462\Payments_Net462.csproj", "{6E4D1069-949D-4910-B088-A06E4276933E}"
EndProject
Project("{FAE04EC0-301F-11D3-BF4B-00C04F79EFBC}") = "GIT_IGNORE", "GIT_IGNORE\GIT_IGNORE.csproj", "{E4EC559D-76FD-42AC-AC80-922A9F67D72C}"
EndProject
Project("{2150E333-8FDC-42A3-9474-1A3956D46DE8}") = "Solution Items", "Solution Items", "{F12C7229-D12B-4739-8207-32BF3687AC81}"
	ProjectSection(SolutionItems) = preProject
		SQL\CATEGORIES.sql = SQL\CATEGORIES.sql
	EndProjectSection
EndProject
Project("{FAE04EC0-301F-11D3-BF4B-00C04F79EFBC}") = "AngularJS_AspNet_MVC4", "AngularJS_AspNet_MVC4\AngularJS_AspNet_MVC4.csproj", "{9FAED370-7559-4FBE-9E77-0A5822F6C913}"
EndProject
Global
	GlobalSection(SolutionConfigurationPlatforms) = preSolution
		Debug|Any CPU = Debug|Any CPU
		Release|Any CPU = Release|Any CPU
	EndGlobalSection
	GlobalSection(ProjectConfigurationPlatforms) = postSolution
		{9E30E64E-7985-41FD-9A3F-38145C61AC99}.Debug|Any CPU.ActiveCfg = Debug|Any CPU
		{9E30E64E-7985-41FD-9A3F-38145C61AC99}.Debug|Any CPU.Build.0 = Debug|Any CPU
		{9E30E64E-7985-41FD-9A3F-38145C61AC99}.Release|Any CPU.ActiveCfg = Release|Any CPU
		{9E30E64E-7985-41FD-9A3F-38145C61AC99}.Release|Any CPU.Build.0 = Release|Any CPU
		{E545557A-690A-4DE5-BF58-FC688FB99C86}.Debug|Any CPU.ActiveCfg = Debug|Any CPU
		{E545557A-690A-4DE5-BF58-FC688FB99C86}.Debug|Any CPU.Build.0 = Debug|Any CPU
		{E545557A-690A-4DE5-BF58-FC688FB99C86}.Release|Any CPU.ActiveCfg = Release|Any CPU
		{E545557A-690A-4DE5-BF58-FC688FB99C86}.Release|Any CPU.Build.0 = Release|Any CPU
		{5E53E305-4409-46B1-B526-F8265C0B4428}.Debug|Any CPU.ActiveCfg = Debug|Any CPU
		{5E53E305-4409-46B1-B526-F8265C0B4428}.Debug|Any CPU.Build.0 = Debug|Any CPU
		{5E53E305-4409-46B1-B526-F8265C0B4428}.Release|Any CPU.ActiveCfg = Release|Any CPU
		{5E53E305-4409-46B1-B526-F8265C0B4428}.Release|Any CPU.Build.0 = Release|Any CPU
		{88E40183-02EB-4B84-9E9D-D0C40DBC8C3B}.Debug|Any CPU.ActiveCfg = Debug|Any CPU
		{88E40183-02EB-4B84-9E9D-D0C40DBC8C3B}.Debug|Any CPU.Build.0 = Debug|Any CPU
		{88E40183-02EB-4B84-9E9D-D0C40DBC8C3B}.Release|Any CPU.ActiveCfg = Release|Any CPU
		{88E40183-02EB-4B84-9E9D-D0C40DBC8C3B}.Release|Any CPU.Build.0 = Release|Any CPU
		{D3861912-CDDE-4A25-B6EE-6134D3D7D611}.Debug|Any CPU.ActiveCfg = Debug|Any CPU
		{D3861912-CDDE-4A25-B6EE-6134D3D7D611}.Debug|Any CPU.Build.0 = Debug|Any CPU
		{D3861912-CDDE-4A25-B6EE-6134D3D7D611}.Release|Any CPU.ActiveCfg = Release|Any CPU
		{D3861912-CDDE-4A25-B6EE-6134D3D7D611}.Release|Any CPU.Build.0 = Release|Any CPU
		{864A7358-5743-4DDF-8930-296C5D8DB6C0}.Debug|Any CPU.ActiveCfg = Debug|Any CPU
		{864A7358-5743-4DDF-8930-296C5D8DB6C0}.Debug|Any CPU.Build.0 = Debug|Any CPU
		{864A7358-5743-4DDF-8930-296C5D8DB6C0}.Release|Any CPU.ActiveCfg = Release|Any CPU
		{864A7358-5743-4DDF-8930-296C5D8DB6C0}.Release|Any CPU.Build.0 = Release|Any CPU
		{6E4D1069-949D-4910-B088-A06E4276933E}.Debug|Any CPU.ActiveCfg = Debug|Any CPU
		{6E4D1069-949D-4910-B088-A06E4276933E}.Debug|Any CPU.Build.0 = Debug|Any CPU
		{6E4D1069-949D-4910-B088-A06E4276933E}.Release|Any CPU.ActiveCfg = Release|Any CPU
		{6E4D1069-949D-4910-B088-A06E4276933E}.Release|Any CPU.Build.0 = Release|Any CPU
		{E4EC559D-76FD-42AC-AC80-922A9F67D72C}.Debug|Any CPU.ActiveCfg = Debug|Any CPU
		{E4EC559D-76FD-42AC-AC80-922A9F67D72C}.Debug|Any CPU.Build.0 = Debug|Any CPU
		{E4EC559D-76FD-42AC-AC80-922A9F67D72C}.Release|Any CPU.ActiveCfg = Release|Any CPU
		{E4EC559D-76FD-42AC-AC80-922A9F67D72C}.Release|Any CPU.Build.0 = Release|Any CPU
		{9FAED370-7559-4FBE-9E77-0A5822F6C913}.Debug|Any CPU.ActiveCfg = Debug|Any CPU
		{9FAED370-7559-4FBE-9E77-0A5822F6C913}.Debug|Any CPU.Build.0 = Debug|Any CPU
		{9FAED370-7559-4FBE-9E77-0A5822F6C913}.Release|Any CPU.ActiveCfg = Release|Any CPU
		{9FAED370-7559-4FBE-9E77-0A5822F6C913}.Release|Any CPU.Build.0 = Release|Any CPU
	EndGlobalSection
	GlobalSection(SolutionProperties) = preSolution
		HideSolutionNode = FALSE
	EndGlobalSection
	GlobalSection(ExtensibilityGlobals) = postSolution
		SolutionGuid = {5CAA6F0B-F0C9-429B-BCC8-119499A2F60E}
	EndGlobalSection
EndGlobal
