
Microsoft Visual Studio Solution File, Format Version 12.00
# Visual Studio Version 17
VisualStudioVersion = 17.0.31423.177
MinimumVisualStudioVersion = 10.0.40219.1
Project("{9A19103F-16F7-4668-BE54-9A1E7A4F7556}") = "DI_Service_Lifetimes", "DI_Service_Lifetimes\DI_Service_Lifetimes.csproj", "{9E30E64E-7985-41FD-9A3F-38145C61AC99}"
EndProject
Project("{FAE04EC0-301F-11D3-BF4B-00C04F79EFBC}") = "DI_Autofac_Net462", "DI_Autofac_Net462\DI_Autofac_Net462.csproj", "{E545557A-690A-4DE5-BF58-FC688FB99C86}"
EndProject
Project("{FAE04EC0-301F-11D3-BF4B-00C04F79EFBC}") = "IO_SubDirectories", "IO_SubDirectories\IO_SubDirectories.csproj", "{88E40183-02EB-4B84-9E9D-D0C40DBC8C3B}"
EndProject
Project("{FAE04EC0-301F-11D3-BF4B-00C04F79EFBC}") = "SQL_EF_Autofac_Net462", "SQL_EF_Autofac_Net462\SQL_EF_Autofac_Net462.csproj", "{864A7358-5743-4DDF-8930-296C5D8DB6C0}"
EndProject
Project("{2150E333-8FDC-42A3-9474-1A3956D46DE8}") = "Solution Items", "Solution Items", "{F12C7229-D12B-4739-8207-32BF3687AC81}"
	ProjectSection(SolutionItems) = preProject
		SQL\CATEGORIES.sql = SQL\CATEGORIES.sql
	EndProjectSection
EndProject
Project("{FAE04EC0-301F-11D3-BF4B-00C04F79EFBC}") = "XSLTransformations", "XSLTransformations\XSLTransformations.csproj", "{D96ABCD7-651E-4B0B-9A38-AFBB3B34994D}"
EndProject
Project("{FAE04EC0-301F-11D3-BF4B-00C04F79EFBC}") = "LINQ_46", "LINQ_46\LINQ_46.csproj", "{C350F7F1-C968-41AA-A8A9-9BD0AACBA8ED}"
EndProject
Project("{FAE04EC0-301F-11D3-BF4B-00C04F79EFBC}") = "OOP_Deriving", "OOP_Deriving\OOP_Deriving.csproj", "{28CFB1E8-520B-4CAB-B6B0-51C5353A9BE2}"
EndProject
Project("{FAE04EC0-301F-11D3-BF4B-00C04F79EFBC}") = "Log4net_use", "Log4net_use\Log4net_use.csproj", "{CE4D2655-1165-4854-BEF6-FDC16041C772}"
EndProject
Project("{FAE04EC0-301F-11D3-BF4B-00C04F79EFBC}") = "EF_Repository_UnitOfWork", "EF_Repository_UnitOfWork\EF_Repository_UnitOfWork.csproj", "{82FC7EFE-8682-4FF8-B71B-8ED60FDA93D8}"
EndProject
Project("{FAE04EC0-301F-11D3-BF4B-00C04F79EFBC}") = "EF_UnitOfWork_Repository", "EF_UnitOfWork_Repository_2\EF_UnitOfWork_Repository.csproj", "{230FB578-34FD-41E1-816C-3148BAF2AFF5}"
EndProject
Project("{FAE04EC0-301F-11D3-BF4B-00C04F79EFBC}") = "AngularJS_ASPNet_MVC_4", "AngularJS_ASPNet_MVC_4\AngularJS_ASPNet_MVC_4.csproj", "{C04BC438-70F4-4829-A05B-4C935CC4C45C}"
EndProject
Project("{FAE04EC0-301F-11D3-BF4B-00C04F79EFBC}") = "AngularJS_AspNet_Bootstrap", "AngularJS_AspNet_Bootstrap\AngularJS_AspNet_Bootstrap.csproj", "{149C3486-4FAD-4E9C-B5A1-224EB858B387}"
EndProject
Project("{FAE04EC0-301F-11D3-BF4B-00C04F79EFBC}") = "FTP_Downloader", "FTP_Downloader\FTP_Downloader.csproj", "{FB6B4AE4-C67E-4B7E-9BCA-BB5AE7FAAE7B}"
EndProject
Project("{9A19103F-16F7-4668-BE54-9A1E7A4F7556}") = "Gm_API_test", "Gm_API_test\Gm_API_test.csproj", "{4B77D021-80B1-4C46-9444-75F4A08F9A43}"
EndProject
Project("{9A19103F-16F7-4668-BE54-9A1E7A4F7556}") = "MB_API", "MB_API\MB_API.csproj", "{645A162E-9115-47E8-9458-0257A0F4342A}"
EndProject
Project("{FAE04EC0-301F-11D3-BF4B-00C04F79EFBC}") = "AngularJS_ASPnet48_XML", "AngularJS_ASPnet48_XML\AngularJS_ASPnet48_XML.csproj", "{1BA1443B-5082-4D92-8DEB-AB9CA637CDB1}"
EndProject
Project("{9A19103F-16F7-4668-BE54-9A1E7A4F7556}") = "Dapper_use", "Dapper_use\Dapper_use.csproj", "{A54502C8-9199-492E-9033-44F5ED856C6F}"
EndProject
Project("{9A19103F-16F7-4668-BE54-9A1E7A4F7556}") = "AsyncAwait_use", "AsyncAwait_use\AsyncAwait_use.csproj", "{F05BE9FA-F513-4B51-9861-3870B28312BD}"
EndProject
Project("{9A19103F-16F7-4668-BE54-9A1E7A4F7556}") = "Test_DoToKin", "Test_DoToKin\Test_DoToKin.csproj", "{887D3F8C-7164-446C-AC95-CACA89B9A5B5}"
EndProject
Project("{9A19103F-16F7-4668-BE54-9A1E7A4F7556}") = "Swagger_FluentValidation", "Swagger_FluentValidation\Swagger_FluentValidation.csproj", "{2FCA01D0-F750-45F7-B4C0-8E96131AEEB0}"
EndProject
Project("{9A19103F-16F7-4668-BE54-9A1E7A4F7556}") = "Log_SeriLog", "Log_SeriLog\Log_SeriLog.csproj", "{8F1BFF4B-7788-4F2B-895E-894C6FD6AE21}"
EndProject
Project("{9A19103F-16F7-4668-BE54-9A1E7A4F7556}") = "Xtra_Tests", "Xtra_Tests\Xtra_Tests.csproj", "{AAB6E154-63C2-4A85-89F0-CF8A5C738049}"
EndProject
Project("{9A19103F-16F7-4668-BE54-9A1E7A4F7556}") = "CoreMvcTG", "CoreMvcTG\CoreMvcTG.csproj", "{AC1C8E5D-FFE5-425C-9F56-7DAB1F98A1A1}"
EndProject
Project("{9A19103F-16F7-4668-BE54-9A1E7A4F7556}") = "WsdlCore", "wsdl_core\src\WsdlCore\WsdlCore.csproj", "{D1E8FEEA-5F01-47C2-A066-67CDE1B0DB22}"
EndProject
Project("{9A19103F-16F7-4668-BE54-9A1E7A4F7556}") = "XML_Parse_Console", "XML_Parse_Console\XML_Parse_Console.csproj", "{479858BE-FAD7-480D-B3F8-CFDCB38F5A28}"
EndProject
Project("{9A19103F-16F7-4668-BE54-9A1E7A4F7556}") = "!!!__GIT_IGNORE__!!!", "GIT_IGNORE\!!!__GIT_IGNORE__!!!.csproj", "{4F7F9E38-7294-4C29-82C7-11BC83FEF450}"
EndProject
Project("{9A19103F-16F7-4668-BE54-9A1E7A4F7556}") = "MyXpens", "2021_myXpens\MyXpens.csproj", "{FA098526-3218-4D1F-9BE1-9E23483298A2}"
EndProject
Project("{FAE04EC0-301F-11D3-BF4B-00C04F79EFBC}") = "AspNet_4x_BasicAuthHttp", "AspNet_4x_BasicAuthHttp\AspNet_4x_BasicAuthHttp.csproj", "{EFD8E112-C18E-40B0-9868-82F43E9E7504}"
EndProject
Project("{9A19103F-16F7-4668-BE54-9A1E7A4F7556}") = "MyXpens.Tests", "MyXpens.Tests\MyXpens.Tests.csproj", "{99AE806B-46CE-4F35-A7D4-408AF33D25FC}"
EndProject
Project("{9A19103F-16F7-4668-BE54-9A1E7A4F7556}") = "Mediator_Use", "Mediator_Use\Mediator_Use.csproj", "{A7344A63-AF15-427F-96C5-2A62DFE5925B}"
EndProject
Project("{9A19103F-16F7-4668-BE54-9A1E7A4F7556}") = "MediatR_CQRS_API", "MediatR_CQRS_API\MediatR_CQRS_API.csproj", "{4F1BAF9E-20D1-427D-895E-AD4261882FAD}"
EndProject
Project("{9A19103F-16F7-4668-BE54-9A1E7A4F7556}") = "Sql_CE31_EFCore_FromCoreTemplate", "Sql_CE31_with_EFCore_31\Sql_CE31_EFCore_FromCoreTemplate.csproj", "{59E7E475-2571-4F2A-8EE4-1280124FD1AA}"
EndProject
Project("{9A19103F-16F7-4668-BE54-9A1E7A4F7556}") = "RawSqlCommandsGenerator", "RowSqlCommandsGenerator\RawSqlCommandsGenerator.csproj", "{8F3CC1FC-E0D8-4767-AEB4-8C73316CCBD0}"
EndProject
Project("{9A19103F-16F7-4668-BE54-9A1E7A4F7556}") = "COMMON_HELPER", "CommonHelper\COMMON_HELPER.csproj", "{8AF79FF9-6488-417E-992F-EFEDA4C1DC7D}"
EndProject
Project("{9A19103F-16F7-4668-BE54-9A1E7A4F7556}") = "EF_Repository", "EF_Repository\EF_Repository.csproj", "{C9B5FE4B-DEDF-473E-B6B9-CFC0C1CD181D}"
EndProject
Project("{9A19103F-16F7-4668-BE54-9A1E7A4F7556}") = "EF_Repository_UoW", "EF_Repository_UoW\EF_Repository_UoW.csproj", "{D6332FE5-08CD-4D1E-876C-AC5E90EF661D}"
EndProject
Project("{9A19103F-16F7-4668-BE54-9A1E7A4F7556}") = "DoToKin", "DoToKin\DoToKin.csproj", "{CB6FEDB7-3826-462E-B389-38803B5FC0E4}"
EndProject
Project("{9A19103F-16F7-4668-BE54-9A1E7A4F7556}") = "QuartzNet_Use", "QuartzNet_Use\QuartzNet_Use.csproj", "{850F4B57-C31A-4ADA-8851-4D7B577036EE}"
EndProject
Project("{9A19103F-16F7-4668-BE54-9A1E7A4F7556}") = "MediatR_Runner", "MediatR_Runner\MediatR_Runner.csproj", "{B21D9EF2-BD19-4EDA-AE2F-2343635715E2}"
EndProject
Project("{9A19103F-16F7-4668-BE54-9A1E7A4F7556}") = "MediatR_Runner_Ext", "MediatR_Runner_Ext\MediatR_Runner_Ext.csproj", "{24BD1DC1-1D2F-4AD4-98CC-4F999B561979}"
EndProject
Project("{9A19103F-16F7-4668-BE54-9A1E7A4F7556}") = "AspNetCoreBase", "AspNetCoreBase\AspNetCoreBase.csproj", "{6C1F09CC-B524-47A4-BC61-23684610EE00}"
EndProject
Project("{FAE04EC0-301F-11D3-BF4B-00C04F79EFBC}") = "Yield_Measure", "Yield_Measure\Yield_Measure.csproj", "{CC05202A-9DEA-476F-8969-A346C1734A9F}"
EndProject
Global
	GlobalSection(SolutionConfigurationPlatforms) = preSolution
		Debug|Any CPU = Debug|Any CPU
		Release|Any CPU = Release|Any CPU
	EndGlobalSection
	GlobalSection(ProjectConfigurationPlatforms) = postSolution
		{9E30E64E-7985-41FD-9A3F-38145C61AC99}.Debug|Any CPU.ActiveCfg = Debug|Any CPU
		{9E30E64E-7985-41FD-9A3F-38145C61AC99}.Debug|Any CPU.Build.0 = Debug|Any CPU
		{9E30E64E-7985-41FD-9A3F-38145C61AC99}.Release|Any CPU.ActiveCfg = Release|Any CPU
		{9E30E64E-7985-41FD-9A3F-38145C61AC99}.Release|Any CPU.Build.0 = Release|Any CPU
		{E545557A-690A-4DE5-BF58-FC688FB99C86}.Debug|Any CPU.ActiveCfg = Debug|Any CPU
		{E545557A-690A-4DE5-BF58-FC688FB99C86}.Debug|Any CPU.Build.0 = Debug|Any CPU
		{E545557A-690A-4DE5-BF58-FC688FB99C86}.Release|Any CPU.ActiveCfg = Release|Any CPU
		{E545557A-690A-4DE5-BF58-FC688FB99C86}.Release|Any CPU.Build.0 = Release|Any CPU
		{88E40183-02EB-4B84-9E9D-D0C40DBC8C3B}.Debug|Any CPU.ActiveCfg = Debug|Any CPU
		{88E40183-02EB-4B84-9E9D-D0C40DBC8C3B}.Debug|Any CPU.Build.0 = Debug|Any CPU
		{88E40183-02EB-4B84-9E9D-D0C40DBC8C3B}.Release|Any CPU.ActiveCfg = Release|Any CPU
		{88E40183-02EB-4B84-9E9D-D0C40DBC8C3B}.Release|Any CPU.Build.0 = Release|Any CPU
		{864A7358-5743-4DDF-8930-296C5D8DB6C0}.Debug|Any CPU.ActiveCfg = Debug|Any CPU
		{864A7358-5743-4DDF-8930-296C5D8DB6C0}.Debug|Any CPU.Build.0 = Debug|Any CPU
		{864A7358-5743-4DDF-8930-296C5D8DB6C0}.Release|Any CPU.ActiveCfg = Release|Any CPU
		{864A7358-5743-4DDF-8930-296C5D8DB6C0}.Release|Any CPU.Build.0 = Release|Any CPU
		{D96ABCD7-651E-4B0B-9A38-AFBB3B34994D}.Debug|Any CPU.ActiveCfg = Debug|Any CPU
		{D96ABCD7-651E-4B0B-9A38-AFBB3B34994D}.Debug|Any CPU.Build.0 = Debug|Any CPU
		{D96ABCD7-651E-4B0B-9A38-AFBB3B34994D}.Release|Any CPU.ActiveCfg = Release|Any CPU
		{D96ABCD7-651E-4B0B-9A38-AFBB3B34994D}.Release|Any CPU.Build.0 = Release|Any CPU
		{C350F7F1-C968-41AA-A8A9-9BD0AACBA8ED}.Debug|Any CPU.ActiveCfg = Debug|Any CPU
		{C350F7F1-C968-41AA-A8A9-9BD0AACBA8ED}.Debug|Any CPU.Build.0 = Debug|Any CPU
		{C350F7F1-C968-41AA-A8A9-9BD0AACBA8ED}.Release|Any CPU.ActiveCfg = Release|Any CPU
		{C350F7F1-C968-41AA-A8A9-9BD0AACBA8ED}.Release|Any CPU.Build.0 = Release|Any CPU
		{28CFB1E8-520B-4CAB-B6B0-51C5353A9BE2}.Debug|Any CPU.ActiveCfg = Debug|Any CPU
		{28CFB1E8-520B-4CAB-B6B0-51C5353A9BE2}.Debug|Any CPU.Build.0 = Debug|Any CPU
		{28CFB1E8-520B-4CAB-B6B0-51C5353A9BE2}.Release|Any CPU.ActiveCfg = Release|Any CPU
		{28CFB1E8-520B-4CAB-B6B0-51C5353A9BE2}.Release|Any CPU.Build.0 = Release|Any CPU
		{CE4D2655-1165-4854-BEF6-FDC16041C772}.Debug|Any CPU.ActiveCfg = Debug|Any CPU
		{CE4D2655-1165-4854-BEF6-FDC16041C772}.Debug|Any CPU.Build.0 = Debug|Any CPU
		{CE4D2655-1165-4854-BEF6-FDC16041C772}.Release|Any CPU.ActiveCfg = Release|Any CPU
		{CE4D2655-1165-4854-BEF6-FDC16041C772}.Release|Any CPU.Build.0 = Release|Any CPU
		{82FC7EFE-8682-4FF8-B71B-8ED60FDA93D8}.Debug|Any CPU.ActiveCfg = Debug|Any CPU
		{82FC7EFE-8682-4FF8-B71B-8ED60FDA93D8}.Debug|Any CPU.Build.0 = Debug|Any CPU
		{82FC7EFE-8682-4FF8-B71B-8ED60FDA93D8}.Release|Any CPU.ActiveCfg = Release|Any CPU
		{82FC7EFE-8682-4FF8-B71B-8ED60FDA93D8}.Release|Any CPU.Build.0 = Release|Any CPU
		{230FB578-34FD-41E1-816C-3148BAF2AFF5}.Debug|Any CPU.ActiveCfg = Debug|Any CPU
		{230FB578-34FD-41E1-816C-3148BAF2AFF5}.Debug|Any CPU.Build.0 = Debug|Any CPU
		{230FB578-34FD-41E1-816C-3148BAF2AFF5}.Release|Any CPU.ActiveCfg = Release|Any CPU
		{230FB578-34FD-41E1-816C-3148BAF2AFF5}.Release|Any CPU.Build.0 = Release|Any CPU
		{C04BC438-70F4-4829-A05B-4C935CC4C45C}.Debug|Any CPU.ActiveCfg = Debug|Any CPU
		{C04BC438-70F4-4829-A05B-4C935CC4C45C}.Debug|Any CPU.Build.0 = Debug|Any CPU
		{C04BC438-70F4-4829-A05B-4C935CC4C45C}.Release|Any CPU.ActiveCfg = Release|Any CPU
		{C04BC438-70F4-4829-A05B-4C935CC4C45C}.Release|Any CPU.Build.0 = Release|Any CPU
		{149C3486-4FAD-4E9C-B5A1-224EB858B387}.Debug|Any CPU.ActiveCfg = Debug|Any CPU
		{149C3486-4FAD-4E9C-B5A1-224EB858B387}.Debug|Any CPU.Build.0 = Debug|Any CPU
		{149C3486-4FAD-4E9C-B5A1-224EB858B387}.Release|Any CPU.ActiveCfg = Release|Any CPU
		{149C3486-4FAD-4E9C-B5A1-224EB858B387}.Release|Any CPU.Build.0 = Release|Any CPU
		{FB6B4AE4-C67E-4B7E-9BCA-BB5AE7FAAE7B}.Debug|Any CPU.ActiveCfg = Debug|Any CPU
		{FB6B4AE4-C67E-4B7E-9BCA-BB5AE7FAAE7B}.Debug|Any CPU.Build.0 = Debug|Any CPU
		{FB6B4AE4-C67E-4B7E-9BCA-BB5AE7FAAE7B}.Release|Any CPU.ActiveCfg = Release|Any CPU
		{FB6B4AE4-C67E-4B7E-9BCA-BB5AE7FAAE7B}.Release|Any CPU.Build.0 = Release|Any CPU
		{4B77D021-80B1-4C46-9444-75F4A08F9A43}.Debug|Any CPU.ActiveCfg = Debug|Any CPU
		{4B77D021-80B1-4C46-9444-75F4A08F9A43}.Debug|Any CPU.Build.0 = Debug|Any CPU
		{4B77D021-80B1-4C46-9444-75F4A08F9A43}.Release|Any CPU.ActiveCfg = Release|Any CPU
		{4B77D021-80B1-4C46-9444-75F4A08F9A43}.Release|Any CPU.Build.0 = Release|Any CPU
		{645A162E-9115-47E8-9458-0257A0F4342A}.Debug|Any CPU.ActiveCfg = Debug|Any CPU
		{645A162E-9115-47E8-9458-0257A0F4342A}.Debug|Any CPU.Build.0 = Debug|Any CPU
		{645A162E-9115-47E8-9458-0257A0F4342A}.Release|Any CPU.ActiveCfg = Release|Any CPU
		{645A162E-9115-47E8-9458-0257A0F4342A}.Release|Any CPU.Build.0 = Release|Any CPU
		{1BA1443B-5082-4D92-8DEB-AB9CA637CDB1}.Debug|Any CPU.ActiveCfg = Debug|Any CPU
		{1BA1443B-5082-4D92-8DEB-AB9CA637CDB1}.Debug|Any CPU.Build.0 = Debug|Any CPU
		{1BA1443B-5082-4D92-8DEB-AB9CA637CDB1}.Release|Any CPU.ActiveCfg = Release|Any CPU
		{1BA1443B-5082-4D92-8DEB-AB9CA637CDB1}.Release|Any CPU.Build.0 = Release|Any CPU
		{A54502C8-9199-492E-9033-44F5ED856C6F}.Debug|Any CPU.ActiveCfg = Debug|Any CPU
		{A54502C8-9199-492E-9033-44F5ED856C6F}.Debug|Any CPU.Build.0 = Debug|Any CPU
		{A54502C8-9199-492E-9033-44F5ED856C6F}.Release|Any CPU.ActiveCfg = Release|Any CPU
		{A54502C8-9199-492E-9033-44F5ED856C6F}.Release|Any CPU.Build.0 = Release|Any CPU
		{F05BE9FA-F513-4B51-9861-3870B28312BD}.Debug|Any CPU.ActiveCfg = Debug|Any CPU
		{F05BE9FA-F513-4B51-9861-3870B28312BD}.Debug|Any CPU.Build.0 = Debug|Any CPU
		{F05BE9FA-F513-4B51-9861-3870B28312BD}.Release|Any CPU.ActiveCfg = Release|Any CPU
		{F05BE9FA-F513-4B51-9861-3870B28312BD}.Release|Any CPU.Build.0 = Release|Any CPU
		{887D3F8C-7164-446C-AC95-CACA89B9A5B5}.Debug|Any CPU.ActiveCfg = Debug|Any CPU
		{887D3F8C-7164-446C-AC95-CACA89B9A5B5}.Debug|Any CPU.Build.0 = Debug|Any CPU
		{887D3F8C-7164-446C-AC95-CACA89B9A5B5}.Release|Any CPU.ActiveCfg = Release|Any CPU
		{887D3F8C-7164-446C-AC95-CACA89B9A5B5}.Release|Any CPU.Build.0 = Release|Any CPU
		{2FCA01D0-F750-45F7-B4C0-8E96131AEEB0}.Debug|Any CPU.ActiveCfg = Debug|Any CPU
		{2FCA01D0-F750-45F7-B4C0-8E96131AEEB0}.Debug|Any CPU.Build.0 = Debug|Any CPU
		{2FCA01D0-F750-45F7-B4C0-8E96131AEEB0}.Release|Any CPU.ActiveCfg = Release|Any CPU
		{2FCA01D0-F750-45F7-B4C0-8E96131AEEB0}.Release|Any CPU.Build.0 = Release|Any CPU
		{8F1BFF4B-7788-4F2B-895E-894C6FD6AE21}.Debug|Any CPU.ActiveCfg = Debug|Any CPU
		{8F1BFF4B-7788-4F2B-895E-894C6FD6AE21}.Debug|Any CPU.Build.0 = Debug|Any CPU
		{8F1BFF4B-7788-4F2B-895E-894C6FD6AE21}.Release|Any CPU.ActiveCfg = Release|Any CPU
		{8F1BFF4B-7788-4F2B-895E-894C6FD6AE21}.Release|Any CPU.Build.0 = Release|Any CPU
		{AAB6E154-63C2-4A85-89F0-CF8A5C738049}.Debug|Any CPU.ActiveCfg = Debug|Any CPU
		{AAB6E154-63C2-4A85-89F0-CF8A5C738049}.Debug|Any CPU.Build.0 = Debug|Any CPU
		{AAB6E154-63C2-4A85-89F0-CF8A5C738049}.Release|Any CPU.ActiveCfg = Release|Any CPU
		{AAB6E154-63C2-4A85-89F0-CF8A5C738049}.Release|Any CPU.Build.0 = Release|Any CPU
		{AC1C8E5D-FFE5-425C-9F56-7DAB1F98A1A1}.Debug|Any CPU.ActiveCfg = Debug|Any CPU
		{AC1C8E5D-FFE5-425C-9F56-7DAB1F98A1A1}.Debug|Any CPU.Build.0 = Debug|Any CPU
		{AC1C8E5D-FFE5-425C-9F56-7DAB1F98A1A1}.Release|Any CPU.ActiveCfg = Release|Any CPU
		{AC1C8E5D-FFE5-425C-9F56-7DAB1F98A1A1}.Release|Any CPU.Build.0 = Release|Any CPU
		{D1E8FEEA-5F01-47C2-A066-67CDE1B0DB22}.Debug|Any CPU.ActiveCfg = Debug|Any CPU
		{D1E8FEEA-5F01-47C2-A066-67CDE1B0DB22}.Debug|Any CPU.Build.0 = Debug|Any CPU
		{D1E8FEEA-5F01-47C2-A066-67CDE1B0DB22}.Release|Any CPU.ActiveCfg = Release|Any CPU
		{D1E8FEEA-5F01-47C2-A066-67CDE1B0DB22}.Release|Any CPU.Build.0 = Release|Any CPU
		{479858BE-FAD7-480D-B3F8-CFDCB38F5A28}.Debug|Any CPU.ActiveCfg = Debug|Any CPU
		{479858BE-FAD7-480D-B3F8-CFDCB38F5A28}.Debug|Any CPU.Build.0 = Debug|Any CPU
		{479858BE-FAD7-480D-B3F8-CFDCB38F5A28}.Release|Any CPU.ActiveCfg = Release|Any CPU
		{479858BE-FAD7-480D-B3F8-CFDCB38F5A28}.Release|Any CPU.Build.0 = Release|Any CPU
		{4F7F9E38-7294-4C29-82C7-11BC83FEF450}.Debug|Any CPU.ActiveCfg = Debug|Any CPU
		{4F7F9E38-7294-4C29-82C7-11BC83FEF450}.Debug|Any CPU.Build.0 = Debug|Any CPU
		{4F7F9E38-7294-4C29-82C7-11BC83FEF450}.Release|Any CPU.ActiveCfg = Release|Any CPU
		{4F7F9E38-7294-4C29-82C7-11BC83FEF450}.Release|Any CPU.Build.0 = Release|Any CPU
		{FA098526-3218-4D1F-9BE1-9E23483298A2}.Debug|Any CPU.ActiveCfg = Debug|Any CPU
		{FA098526-3218-4D1F-9BE1-9E23483298A2}.Debug|Any CPU.Build.0 = Debug|Any CPU
		{FA098526-3218-4D1F-9BE1-9E23483298A2}.Release|Any CPU.ActiveCfg = Release|Any CPU
		{FA098526-3218-4D1F-9BE1-9E23483298A2}.Release|Any CPU.Build.0 = Release|Any CPU
		{EFD8E112-C18E-40B0-9868-82F43E9E7504}.Debug|Any CPU.ActiveCfg = Debug|Any CPU
		{EFD8E112-C18E-40B0-9868-82F43E9E7504}.Debug|Any CPU.Build.0 = Debug|Any CPU
		{EFD8E112-C18E-40B0-9868-82F43E9E7504}.Release|Any CPU.ActiveCfg = Release|Any CPU
		{EFD8E112-C18E-40B0-9868-82F43E9E7504}.Release|Any CPU.Build.0 = Release|Any CPU
		{99AE806B-46CE-4F35-A7D4-408AF33D25FC}.Debug|Any CPU.ActiveCfg = Debug|Any CPU
		{99AE806B-46CE-4F35-A7D4-408AF33D25FC}.Debug|Any CPU.Build.0 = Debug|Any CPU
		{99AE806B-46CE-4F35-A7D4-408AF33D25FC}.Release|Any CPU.ActiveCfg = Release|Any CPU
		{99AE806B-46CE-4F35-A7D4-408AF33D25FC}.Release|Any CPU.Build.0 = Release|Any CPU
		{A7344A63-AF15-427F-96C5-2A62DFE5925B}.Debug|Any CPU.ActiveCfg = Debug|Any CPU
		{A7344A63-AF15-427F-96C5-2A62DFE5925B}.Debug|Any CPU.Build.0 = Debug|Any CPU
		{A7344A63-AF15-427F-96C5-2A62DFE5925B}.Release|Any CPU.ActiveCfg = Release|Any CPU
		{A7344A63-AF15-427F-96C5-2A62DFE5925B}.Release|Any CPU.Build.0 = Release|Any CPU
		{4F1BAF9E-20D1-427D-895E-AD4261882FAD}.Debug|Any CPU.ActiveCfg = Debug|Any CPU
		{4F1BAF9E-20D1-427D-895E-AD4261882FAD}.Debug|Any CPU.Build.0 = Debug|Any CPU
		{4F1BAF9E-20D1-427D-895E-AD4261882FAD}.Release|Any CPU.ActiveCfg = Release|Any CPU
		{4F1BAF9E-20D1-427D-895E-AD4261882FAD}.Release|Any CPU.Build.0 = Release|Any CPU
		{59E7E475-2571-4F2A-8EE4-1280124FD1AA}.Debug|Any CPU.ActiveCfg = Debug|Any CPU
		{59E7E475-2571-4F2A-8EE4-1280124FD1AA}.Debug|Any CPU.Build.0 = Debug|Any CPU
		{59E7E475-2571-4F2A-8EE4-1280124FD1AA}.Release|Any CPU.ActiveCfg = Release|Any CPU
		{59E7E475-2571-4F2A-8EE4-1280124FD1AA}.Release|Any CPU.Build.0 = Release|Any CPU
		{8F3CC1FC-E0D8-4767-AEB4-8C73316CCBD0}.Debug|Any CPU.ActiveCfg = Debug|Any CPU
		{8F3CC1FC-E0D8-4767-AEB4-8C73316CCBD0}.Debug|Any CPU.Build.0 = Debug|Any CPU
		{8F3CC1FC-E0D8-4767-AEB4-8C73316CCBD0}.Release|Any CPU.ActiveCfg = Release|Any CPU
		{8F3CC1FC-E0D8-4767-AEB4-8C73316CCBD0}.Release|Any CPU.Build.0 = Release|Any CPU
		{8AF79FF9-6488-417E-992F-EFEDA4C1DC7D}.Debug|Any CPU.ActiveCfg = Debug|Any CPU
		{8AF79FF9-6488-417E-992F-EFEDA4C1DC7D}.Debug|Any CPU.Build.0 = Debug|Any CPU
		{8AF79FF9-6488-417E-992F-EFEDA4C1DC7D}.Release|Any CPU.ActiveCfg = Release|Any CPU
		{8AF79FF9-6488-417E-992F-EFEDA4C1DC7D}.Release|Any CPU.Build.0 = Release|Any CPU
		{C9B5FE4B-DEDF-473E-B6B9-CFC0C1CD181D}.Debug|Any CPU.ActiveCfg = Debug|Any CPU
		{C9B5FE4B-DEDF-473E-B6B9-CFC0C1CD181D}.Debug|Any CPU.Build.0 = Debug|Any CPU
		{C9B5FE4B-DEDF-473E-B6B9-CFC0C1CD181D}.Release|Any CPU.ActiveCfg = Release|Any CPU
		{C9B5FE4B-DEDF-473E-B6B9-CFC0C1CD181D}.Release|Any CPU.Build.0 = Release|Any CPU
		{D6332FE5-08CD-4D1E-876C-AC5E90EF661D}.Debug|Any CPU.ActiveCfg = Debug|Any CPU
		{D6332FE5-08CD-4D1E-876C-AC5E90EF661D}.Debug|Any CPU.Build.0 = Debug|Any CPU
		{D6332FE5-08CD-4D1E-876C-AC5E90EF661D}.Release|Any CPU.ActiveCfg = Release|Any CPU
		{D6332FE5-08CD-4D1E-876C-AC5E90EF661D}.Release|Any CPU.Build.0 = Release|Any CPU
		{CB6FEDB7-3826-462E-B389-38803B5FC0E4}.Debug|Any CPU.ActiveCfg = Debug|Any CPU
		{CB6FEDB7-3826-462E-B389-38803B5FC0E4}.Debug|Any CPU.Build.0 = Debug|Any CPU
		{CB6FEDB7-3826-462E-B389-38803B5FC0E4}.Release|Any CPU.ActiveCfg = Release|Any CPU
		{CB6FEDB7-3826-462E-B389-38803B5FC0E4}.Release|Any CPU.Build.0 = Release|Any CPU
		{850F4B57-C31A-4ADA-8851-4D7B577036EE}.Debug|Any CPU.ActiveCfg = Debug|Any CPU
		{850F4B57-C31A-4ADA-8851-4D7B577036EE}.Debug|Any CPU.Build.0 = Debug|Any CPU
		{850F4B57-C31A-4ADA-8851-4D7B577036EE}.Release|Any CPU.ActiveCfg = Release|Any CPU
		{850F4B57-C31A-4ADA-8851-4D7B577036EE}.Release|Any CPU.Build.0 = Release|Any CPU
		{B21D9EF2-BD19-4EDA-AE2F-2343635715E2}.Debug|Any CPU.ActiveCfg = Debug|Any CPU
		{B21D9EF2-BD19-4EDA-AE2F-2343635715E2}.Debug|Any CPU.Build.0 = Debug|Any CPU
		{B21D9EF2-BD19-4EDA-AE2F-2343635715E2}.Release|Any CPU.ActiveCfg = Release|Any CPU
		{B21D9EF2-BD19-4EDA-AE2F-2343635715E2}.Release|Any CPU.Build.0 = Release|Any CPU
		{24BD1DC1-1D2F-4AD4-98CC-4F999B561979}.Debug|Any CPU.ActiveCfg = Debug|Any CPU
		{24BD1DC1-1D2F-4AD4-98CC-4F999B561979}.Debug|Any CPU.Build.0 = Debug|Any CPU
		{24BD1DC1-1D2F-4AD4-98CC-4F999B561979}.Release|Any CPU.ActiveCfg = Release|Any CPU
		{24BD1DC1-1D2F-4AD4-98CC-4F999B561979}.Release|Any CPU.Build.0 = Release|Any CPU
		{6C1F09CC-B524-47A4-BC61-23684610EE00}.Debug|Any CPU.ActiveCfg = Debug|Any CPU
		{6C1F09CC-B524-47A4-BC61-23684610EE00}.Debug|Any CPU.Build.0 = Debug|Any CPU
		{6C1F09CC-B524-47A4-BC61-23684610EE00}.Release|Any CPU.ActiveCfg = Release|Any CPU
		{6C1F09CC-B524-47A4-BC61-23684610EE00}.Release|Any CPU.Build.0 = Release|Any CPU
		{CC05202A-9DEA-476F-8969-A346C1734A9F}.Debug|Any CPU.ActiveCfg = Debug|Any CPU
		{CC05202A-9DEA-476F-8969-A346C1734A9F}.Debug|Any CPU.Build.0 = Debug|Any CPU
		{CC05202A-9DEA-476F-8969-A346C1734A9F}.Release|Any CPU.ActiveCfg = Release|Any CPU
		{CC05202A-9DEA-476F-8969-A346C1734A9F}.Release|Any CPU.Build.0 = Release|Any CPU
	EndGlobalSection
	GlobalSection(SolutionProperties) = preSolution
		HideSolutionNode = FALSE
	EndGlobalSection
	GlobalSection(ExtensibilityGlobals) = postSolution
		SolutionGuid = {5CAA6F0B-F0C9-429B-BCC8-119499A2F60E}
	EndGlobalSection
EndGlobal
